
Microsoft Visual Studio Solution File, Format Version 12.00
# Visual Studio 15
VisualStudioVersion = 15.0.26730.8
MinimumVisualStudioVersion = 10.0.40219.1
Project("{FAE04EC0-301F-11D3-BF4B-00C04F79EFBC}") = "View", "SpreadsheetGUI\View.csproj", "{52D98943-7F19-4B6E-95A4-F27D408797BB}"
EndProject
Project("{FAE04EC0-301F-11D3-BF4B-00C04F79EFBC}") = "Resources", "Resources\Resources.csproj", "{A6DFC411-39DF-4098-8A02-EB00B2A01AE1}"
EndProject
Project("{54435603-DBB4-11D2-8724-00A0C9A8B90C}") = "Lab9", "Lab9\Lab9.vdproj", "{69D21636-EA52-4E88-9F17-5B68A2511F15}"
EndProject
Project("{FAE04EC0-301F-11D3-BF4B-00C04F79EFBC}") = "Controller", "Controller\Controller.csproj", "{AF8720BE-7E78-4D2A-BF3A-C64961E03623}"
EndProject
Project("{FAE04EC0-301F-11D3-BF4B-00C04F79EFBC}") = "Model", "Model\Model.csproj", "{D429B096-524D-4395-A709-87DE3F8F48EA}"
EndProject
Global
	GlobalSection(SolutionConfigurationPlatforms) = preSolution
		Debug|Any CPU = Debug|Any CPU
		Release|Any CPU = Release|Any CPU
	EndGlobalSection
	GlobalSection(ProjectConfigurationPlatforms) = postSolution
		{52D98943-7F19-4B6E-95A4-F27D408797BB}.Debug|Any CPU.ActiveCfg = Debug|Any CPU
		{52D98943-7F19-4B6E-95A4-F27D408797BB}.Debug|Any CPU.Build.0 = Debug|Any CPU
		{52D98943-7F19-4B6E-95A4-F27D408797BB}.Release|Any CPU.ActiveCfg = Release|Any CPU
		{52D98943-7F19-4B6E-95A4-F27D408797BB}.Release|Any CPU.Build.0 = Release|Any CPU
		{A6DFC411-39DF-4098-8A02-EB00B2A01AE1}.Debug|Any CPU.ActiveCfg = Debug|Any CPU
		{A6DFC411-39DF-4098-8A02-EB00B2A01AE1}.Release|Any CPU.ActiveCfg = Release|Any CPU
		{A6DFC411-39DF-4098-8A02-EB00B2A01AE1}.Release|Any CPU.Build.0 = Release|Any CPU
		{69D21636-EA52-4E88-9F17-5B68A2511F15}.Debug|Any CPU.ActiveCfg = Debug
		{69D21636-EA52-4E88-9F17-5B68A2511F15}.Release|Any CPU.ActiveCfg = Release
		{AF8720BE-7E78-4D2A-BF3A-C64961E03623}.Debug|Any CPU.ActiveCfg = Debug|Any CPU
		{AF8720BE-7E78-4D2A-BF3A-C64961E03623}.Debug|Any CPU.Build.0 = Debug|Any CPU
		{AF8720BE-7E78-4D2A-BF3A-C64961E03623}.Release|Any CPU.ActiveCfg = Release|Any CPU
		{AF8720BE-7E78-4D2A-BF3A-C64961E03623}.Release|Any CPU.Build.0 = Release|Any CPU
		{D429B096-524D-4395-A709-87DE3F8F48EA}.Debug|Any CPU.ActiveCfg = Debug|Any CPU
		{D429B096-524D-4395-A709-87DE3F8F48EA}.Debug|Any CPU.Build.0 = Debug|Any CPU
		{D429B096-524D-4395-A709-87DE3F8F48EA}.Release|Any CPU.ActiveCfg = Release|Any CPU
		{D429B096-524D-4395-A709-87DE3F8F48EA}.Release|Any CPU.Build.0 = Release|Any CPU
	EndGlobalSection
	GlobalSection(SolutionProperties) = preSolution
		HideSolutionNode = FALSE
	EndGlobalSection
	GlobalSection(ExtensibilityGlobals) = postSolution
		SolutionGuid = {3BF12BD3-CAF6-4A69-B9E5-4AD65196599B}
	EndGlobalSection
EndGlobal
